
Microsoft Visual Studio Solution File, Format Version 12.00
# Visual Studio Version 16
VisualStudioVersion = 16.0.30717.126
MinimumVisualStudioVersion = 10.0.40219.1
Project("{8BC9CEB8-8B4A-11D0-8D11-00A0C91BC942}") = "prj01", "prj01\prj01.vcxproj", "{683952CA-3535-40D3-8532-9E931CA0ACDA}"
EndProject
Project("{8BC9CEB8-8B4A-11D0-8D11-00A0C91BC942}") = "prj02", "prj02\prj02.vcxproj", "{62ECCDC7-1751-45A1-A60D-874CA9A40D2E}"
EndProject
Project("{8BC9CEB8-8B4A-11D0-8D11-00A0C91BC942}") = "prj03", "prj03\prj03.vcxproj", "{2A17C591-FCAB-4056-8E7F-93A8C44DD143}"
EndProject
Project("{8BC9CEB8-8B4A-11D0-8D11-00A0C91BC942}") = "prj04", "prj04\prj04.vcxproj", "{FF4A4B00-4F82-412B-B2CC-F38A38C47400}"
EndProject
Project("{8BC9CEB8-8B4A-11D0-8D11-00A0C91BC942}") = "prj05", "prj05\prj05.vcxproj", "{2E5C91C1-DEF9-4286-8C75-892222A39497}"
EndProject
Project("{8BC9CEB8-8B4A-11D0-8D11-00A0C91BC942}") = "prj06", "prj06\prj06.vcxproj", "{81DFCF08-21E5-4F25-A8D2-1628BFAE6E2B}"
EndProject
Project("{8BC9CEB8-8B4A-11D0-8D11-00A0C91BC942}") = "prj07", "prj07\prj07.vcxproj", "{BED2EEBF-83BC-4306-B4E0-E2CD279ACC3D}"
EndProject
Project("{8BC9CEB8-8B4A-11D0-8D11-00A0C91BC942}") = "prj08", "prj08\prj08.vcxproj", "{5BF35008-5B88-4A63-8645-F298D6343767}"
EndProject
Project("{8BC9CEB8-8B4A-11D0-8D11-00A0C91BC942}") = "prj09", "prj09\prj09.vcxproj", "{1A4E36FF-8E79-4AAD-BAE0-781A1F22378F}"
EndProject
Project("{8BC9CEB8-8B4A-11D0-8D11-00A0C91BC942}") = "prj10", "prj10\prj10.vcxproj", "{105AB9A9-2BF2-4C9F-82AE-56CCDF0D714E}"
EndProject
Project("{8BC9CEB8-8B4A-11D0-8D11-00A0C91BC942}") = "prj11", "prj11\prj11.vcxproj", "{D025729D-62F3-4FC2-9494-55C124C7949C}"
EndProject
Project("{8BC9CEB8-8B4A-11D0-8D11-00A0C91BC942}") = "Lab1", "Lab1\Lab1.vcxproj", "{12E0DFCA-0FEA-43FF-B6E4-51AE381C724B}"
EndProject
Project("{8BC9CEB8-8B4A-11D0-8D11-00A0C91BC942}") = "Lab2", "Lab2\Lab2.vcxproj", "{AE3955F7-79CF-4075-AF1A-D26CEF23192A}"
EndProject
Global
	GlobalSection(SolutionConfigurationPlatforms) = preSolution
		Debug|x64 = Debug|x64
		Debug|x86 = Debug|x86
		Release|x64 = Release|x64
		Release|x86 = Release|x86
	EndGlobalSection
	GlobalSection(ProjectConfigurationPlatforms) = postSolution
		{683952CA-3535-40D3-8532-9E931CA0ACDA}.Debug|x64.ActiveCfg = Debug|x64
		{683952CA-3535-40D3-8532-9E931CA0ACDA}.Debug|x64.Build.0 = Debug|x64
		{683952CA-3535-40D3-8532-9E931CA0ACDA}.Debug|x86.ActiveCfg = Debug|Win32
		{683952CA-3535-40D3-8532-9E931CA0ACDA}.Debug|x86.Build.0 = Debug|Win32
		{683952CA-3535-40D3-8532-9E931CA0ACDA}.Release|x64.ActiveCfg = Release|x64
		{683952CA-3535-40D3-8532-9E931CA0ACDA}.Release|x64.Build.0 = Release|x64
		{683952CA-3535-40D3-8532-9E931CA0ACDA}.Release|x86.ActiveCfg = Release|Win32
		{683952CA-3535-40D3-8532-9E931CA0ACDA}.Release|x86.Build.0 = Release|Win32
		{62ECCDC7-1751-45A1-A60D-874CA9A40D2E}.Debug|x64.ActiveCfg = Debug|x64
		{62ECCDC7-1751-45A1-A60D-874CA9A40D2E}.Debug|x64.Build.0 = Debug|x64
		{62ECCDC7-1751-45A1-A60D-874CA9A40D2E}.Debug|x86.ActiveCfg = Debug|Win32
		{62ECCDC7-1751-45A1-A60D-874CA9A40D2E}.Debug|x86.Build.0 = Debug|Win32
		{62ECCDC7-1751-45A1-A60D-874CA9A40D2E}.Release|x64.ActiveCfg = Release|x64
		{62ECCDC7-1751-45A1-A60D-874CA9A40D2E}.Release|x64.Build.0 = Release|x64
		{62ECCDC7-1751-45A1-A60D-874CA9A40D2E}.Release|x86.ActiveCfg = Release|Win32
		{62ECCDC7-1751-45A1-A60D-874CA9A40D2E}.Release|x86.Build.0 = Release|Win32
		{2A17C591-FCAB-4056-8E7F-93A8C44DD143}.Debug|x64.ActiveCfg = Debug|x64
		{2A17C591-FCAB-4056-8E7F-93A8C44DD143}.Debug|x64.Build.0 = Debug|x64
		{2A17C591-FCAB-4056-8E7F-93A8C44DD143}.Debug|x86.ActiveCfg = Debug|Win32
		{2A17C591-FCAB-4056-8E7F-93A8C44DD143}.Debug|x86.Build.0 = Debug|Win32
		{2A17C591-FCAB-4056-8E7F-93A8C44DD143}.Release|x64.ActiveCfg = Release|x64
		{2A17C591-FCAB-4056-8E7F-93A8C44DD143}.Release|x64.Build.0 = Release|x64
		{2A17C591-FCAB-4056-8E7F-93A8C44DD143}.Release|x86.ActiveCfg = Release|Win32
		{2A17C591-FCAB-4056-8E7F-93A8C44DD143}.Release|x86.Build.0 = Release|Win32
		{FF4A4B00-4F82-412B-B2CC-F38A38C47400}.Debug|x64.ActiveCfg = Debug|x64
		{FF4A4B00-4F82-412B-B2CC-F38A38C47400}.Debug|x64.Build.0 = Debug|x64
		{FF4A4B00-4F82-412B-B2CC-F38A38C47400}.Debug|x86.ActiveCfg = Debug|Win32
		{FF4A4B00-4F82-412B-B2CC-F38A38C47400}.Debug|x86.Build.0 = Debug|Win32
		{FF4A4B00-4F82-412B-B2CC-F38A38C47400}.Release|x64.ActiveCfg = Release|x64
		{FF4A4B00-4F82-412B-B2CC-F38A38C47400}.Release|x64.Build.0 = Release|x64
		{FF4A4B00-4F82-412B-B2CC-F38A38C47400}.Release|x86.ActiveCfg = Release|Win32
		{FF4A4B00-4F82-412B-B2CC-F38A38C47400}.Release|x86.Build.0 = Release|Win32
		{2E5C91C1-DEF9-4286-8C75-892222A39497}.Debug|x64.ActiveCfg = Debug|x64
		{2E5C91C1-DEF9-4286-8C75-892222A39497}.Debug|x64.Build.0 = Debug|x64
		{2E5C91C1-DEF9-4286-8C75-892222A39497}.Debug|x86.ActiveCfg = Debug|Win32
		{2E5C91C1-DEF9-4286-8C75-892222A39497}.Debug|x86.Build.0 = Debug|Win32
		{2E5C91C1-DEF9-4286-8C75-892222A39497}.Release|x64.ActiveCfg = Release|x64
		{2E5C91C1-DEF9-4286-8C75-892222A39497}.Release|x64.Build.0 = Release|x64
		{2E5C91C1-DEF9-4286-8C75-892222A39497}.Release|x86.ActiveCfg = Release|Win32
		{2E5C91C1-DEF9-4286-8C75-892222A39497}.Release|x86.Build.0 = Release|Win32
		{81DFCF08-21E5-4F25-A8D2-1628BFAE6E2B}.Debug|x64.ActiveCfg = Debug|x64
		{81DFCF08-21E5-4F25-A8D2-1628BFAE6E2B}.Debug|x64.Build.0 = Debug|x64
		{81DFCF08-21E5-4F25-A8D2-1628BFAE6E2B}.Debug|x86.ActiveCfg = Debug|Win32
		{81DFCF08-21E5-4F25-A8D2-1628BFAE6E2B}.Debug|x86.Build.0 = Debug|Win32
		{81DFCF08-21E5-4F25-A8D2-1628BFAE6E2B}.Release|x64.ActiveCfg = Release|x64
		{81DFCF08-21E5-4F25-A8D2-1628BFAE6E2B}.Release|x64.Build.0 = Release|x64
		{81DFCF08-21E5-4F25-A8D2-1628BFAE6E2B}.Release|x86.ActiveCfg = Release|Win32
		{81DFCF08-21E5-4F25-A8D2-1628BFAE6E2B}.Release|x86.Build.0 = Release|Win32
		{BED2EEBF-83BC-4306-B4E0-E2CD279ACC3D}.Debug|x64.ActiveCfg = Debug|x64
		{BED2EEBF-83BC-4306-B4E0-E2CD279ACC3D}.Debug|x64.Build.0 = Debug|x64
		{BED2EEBF-83BC-4306-B4E0-E2CD279ACC3D}.Debug|x86.ActiveCfg = Debug|Win32
		{BED2EEBF-83BC-4306-B4E0-E2CD279ACC3D}.Debug|x86.Build.0 = Debug|Win32
		{BED2EEBF-83BC-4306-B4E0-E2CD279ACC3D}.Release|x64.ActiveCfg = Release|x64
		{BED2EEBF-83BC-4306-B4E0-E2CD279ACC3D}.Release|x64.Build.0 = Release|x64
		{BED2EEBF-83BC-4306-B4E0-E2CD279ACC3D}.Release|x86.ActiveCfg = Release|Win32
		{BED2EEBF-83BC-4306-B4E0-E2CD279ACC3D}.Release|x86.Build.0 = Release|Win32
		{5BF35008-5B88-4A63-8645-F298D6343767}.Debug|x64.ActiveCfg = Debug|x64
		{5BF35008-5B88-4A63-8645-F298D6343767}.Debug|x64.Build.0 = Debug|x64
		{5BF35008-5B88-4A63-8645-F298D6343767}.Debug|x86.ActiveCfg = Debug|Win32
		{5BF35008-5B88-4A63-8645-F298D6343767}.Debug|x86.Build.0 = Debug|Win32
		{5BF35008-5B88-4A63-8645-F298D6343767}.Release|x64.ActiveCfg = Release|x64
		{5BF35008-5B88-4A63-8645-F298D6343767}.Release|x64.Build.0 = Release|x64
		{5BF35008-5B88-4A63-8645-F298D6343767}.Release|x86.ActiveCfg = Release|Win32
		{5BF35008-5B88-4A63-8645-F298D6343767}.Release|x86.Build.0 = Release|Win32
		{1A4E36FF-8E79-4AAD-BAE0-781A1F22378F}.Debug|x64.ActiveCfg = Debug|x64
		{1A4E36FF-8E79-4AAD-BAE0-781A1F22378F}.Debug|x64.Build.0 = Debug|x64
		{1A4E36FF-8E79-4AAD-BAE0-781A1F22378F}.Debug|x86.ActiveCfg = Debug|Win32
		{1A4E36FF-8E79-4AAD-BAE0-781A1F22378F}.Debug|x86.Build.0 = Debug|Win32
		{1A4E36FF-8E79-4AAD-BAE0-781A1F22378F}.Release|x64.ActiveCfg = Release|x64
		{1A4E36FF-8E79-4AAD-BAE0-781A1F22378F}.Release|x64.Build.0 = Release|x64
		{1A4E36FF-8E79-4AAD-BAE0-781A1F22378F}.Release|x86.ActiveCfg = Release|Win32
		{1A4E36FF-8E79-4AAD-BAE0-781A1F22378F}.Release|x86.Build.0 = Release|Win32
		{105AB9A9-2BF2-4C9F-82AE-56CCDF0D714E}.Debug|x64.ActiveCfg = Debug|x64
		{105AB9A9-2BF2-4C9F-82AE-56CCDF0D714E}.Debug|x64.Build.0 = Debug|x64
		{105AB9A9-2BF2-4C9F-82AE-56CCDF0D714E}.Debug|x86.ActiveCfg = Debug|Win32
		{105AB9A9-2BF2-4C9F-82AE-56CCDF0D714E}.Debug|x86.Build.0 = Debug|Win32
		{105AB9A9-2BF2-4C9F-82AE-56CCDF0D714E}.Release|x64.ActiveCfg = Release|x64
		{105AB9A9-2BF2-4C9F-82AE-56CCDF0D714E}.Release|x64.Build.0 = Release|x64
		{105AB9A9-2BF2-4C9F-82AE-56CCDF0D714E}.Release|x86.ActiveCfg = Release|Win32
		{105AB9A9-2BF2-4C9F-82AE-56CCDF0D714E}.Release|x86.Build.0 = Release|Win32
		{D025729D-62F3-4FC2-9494-55C124C7949C}.Debug|x64.ActiveCfg = Debug|x64
		{D025729D-62F3-4FC2-9494-55C124C7949C}.Debug|x64.Build.0 = Debug|x64
		{D025729D-62F3-4FC2-9494-55C124C7949C}.Debug|x86.ActiveCfg = Debug|Win32
		{D025729D-62F3-4FC2-9494-55C124C7949C}.Debug|x86.Build.0 = Debug|Win32
		{D025729D-62F3-4FC2-9494-55C124C7949C}.Release|x64.ActiveCfg = Release|x64
		{D025729D-62F3-4FC2-9494-55C124C7949C}.Release|x64.Build.0 = Release|x64
		{D025729D-62F3-4FC2-9494-55C124C7949C}.Release|x86.ActiveCfg = Release|Win32
		{D025729D-62F3-4FC2-9494-55C124C7949C}.Release|x86.Build.0 = Release|Win32
		{12E0DFCA-0FEA-43FF-B6E4-51AE381C724B}.Debug|x64.ActiveCfg = Debug|x64
		{12E0DFCA-0FEA-43FF-B6E4-51AE381C724B}.Debug|x64.Build.0 = Debug|x64
		{12E0DFCA-0FEA-43FF-B6E4-51AE381C724B}.Debug|x86.ActiveCfg = Debug|Win32
		{12E0DFCA-0FEA-43FF-B6E4-51AE381C724B}.Debug|x86.Build.0 = Debug|Win32
		{12E0DFCA-0FEA-43FF-B6E4-51AE381C724B}.Release|x64.ActiveCfg = Release|x64
		{12E0DFCA-0FEA-43FF-B6E4-51AE381C724B}.Release|x64.Build.0 = Release|x64
		{12E0DFCA-0FEA-43FF-B6E4-51AE381C724B}.Release|x86.ActiveCfg = Release|Win32
		{12E0DFCA-0FEA-43FF-B6E4-51AE381C724B}.Release|x86.Build.0 = Release|Win32
		{AE3955F7-79CF-4075-AF1A-D26CEF23192A}.Debug|x64.ActiveCfg = Debug|x64
		{AE3955F7-79CF-4075-AF1A-D26CEF23192A}.Debug|x64.Build.0 = Debug|x64
		{AE3955F7-79CF-4075-AF1A-D26CEF23192A}.Debug|x86.ActiveCfg = Debug|Win32
		{AE3955F7-79CF-4075-AF1A-D26CEF23192A}.Debug|x86.Build.0 = Debug|Win32
		{AE3955F7-79CF-4075-AF1A-D26CEF23192A}.Release|x64.ActiveCfg = Release|x64
		{AE3955F7-79CF-4075-AF1A-D26CEF23192A}.Release|x64.Build.0 = Release|x64
		{AE3955F7-79CF-4075-AF1A-D26CEF23192A}.Release|x86.ActiveCfg = Release|Win32
		{AE3955F7-79CF-4075-AF1A-D26CEF23192A}.Release|x86.Build.0 = Release|Win32
	EndGlobalSection
	GlobalSection(SolutionProperties) = preSolution
		HideSolutionNode = FALSE
	EndGlobalSection
	GlobalSection(ExtensibilityGlobals) = postSolution
		SolutionGuid = {BFBEA572-7886-458A-8A52-AE420770F0DE}
	EndGlobalSection
EndGlobal
