
Microsoft Visual Studio Solution File, Format Version 12.00
# Visual Studio Version 16
VisualStudioVersion = 16.0.30717.126
MinimumVisualStudioVersion = 10.0.40219.1
Project("{8BC9CEB8-8B4A-11D0-8D11-00A0C91BC942}") = "prj01", "prj01\prj01.vcxproj", "{404FC25B-C1E8-45A1-BFB9-8456534BB85B}"
EndProject
Project("{8BC9CEB8-8B4A-11D0-8D11-00A0C91BC942}") = "Lab1", "Lab1\Lab1.vcxproj", "{F13AD54B-3955-4251-9E6F-5BDF839E0260}"
EndProject
Project("{8BC9CEB8-8B4A-11D0-8D11-00A0C91BC942}") = "Lab2", "Lab2\Lab2.vcxproj", "{0CB362ED-4C2D-450F-82F2-05E85C242C9E}"
EndProject
Project("{8BC9CEB8-8B4A-11D0-8D11-00A0C91BC942}") = "Lab3", "Lab3\Lab3.vcxproj", "{51A9D92A-4F6A-4BDA-9C4A-08C6D6753DE0}"
EndProject
Project("{8BC9CEB8-8B4A-11D0-8D11-00A0C91BC942}") = "prj02", "prj02\prj02.vcxproj", "{274F529B-3D6D-4991-A93E-187A8BFBAD62}"
EndProject
Project("{8BC9CEB8-8B4A-11D0-8D11-00A0C91BC942}") = "prj03", "prj03\prj03.vcxproj", "{2C29D9DD-424D-4F8F-83A5-252C32599444}"
EndProject
Project("{8BC9CEB8-8B4A-11D0-8D11-00A0C91BC942}") = "prj04", "prj04\prj04.vcxproj", "{6F700A8F-103D-427E-882F-BFBC03AB5E35}"
EndProject
Project("{8BC9CEB8-8B4A-11D0-8D11-00A0C91BC942}") = "prj05", "prj05\prj05.vcxproj", "{1FB632CF-4B42-404E-9744-C301A0AA2FBB}"
EndProject
Project("{8BC9CEB8-8B4A-11D0-8D11-00A0C91BC942}") = "prj06", "prj06\prj06.vcxproj", "{82E2C7B8-2BE2-403A-81DC-7C3CD1EBA24B}"
EndProject
Project("{8BC9CEB8-8B4A-11D0-8D11-00A0C91BC942}") = "prj07", "prj07\prj07.vcxproj", "{246F62B5-3CF6-4BE1-9E49-91AF26C3416F}"
EndProject
Project("{8BC9CEB8-8B4A-11D0-8D11-00A0C91BC942}") = "prj08", "prj08\prj08.vcxproj", "{7B65BB00-528B-48A7-8A46-47FF3D8ECC55}"
EndProject
Project("{8BC9CEB8-8B4A-11D0-8D11-00A0C91BC942}") = "prj09", "prj09\prj09.vcxproj", "{FD003B0E-E82A-4105-99A4-BC0C1773DBDF}"
EndProject
Project("{8BC9CEB8-8B4A-11D0-8D11-00A0C91BC942}") = "prj10", "prj10\prj10.vcxproj", "{469D6C82-A3DF-4BC7-800C-353A4A4085A8}"
EndProject
Project("{8BC9CEB8-8B4A-11D0-8D11-00A0C91BC942}") = "prj11", "prj11\prj11.vcxproj", "{005F2E8C-FCB6-4468-AC45-74EEF02A7028}"
EndProject
Project("{8BC9CEB8-8B4A-11D0-8D11-00A0C91BC942}") = "prj12", "prj12\prj12.vcxproj", "{314E878A-3598-409D-BC6B-1F3360CD6E32}"
EndProject
Project("{8BC9CEB8-8B4A-11D0-8D11-00A0C91BC942}") = "prj13", "prj13\prj13.vcxproj", "{7BD03DF1-E023-4E48-B5DC-0C494C925CFD}"
EndProject
Project("{8BC9CEB8-8B4A-11D0-8D11-00A0C91BC942}") = "prj14", "prj14\prj14.vcxproj", "{AC148B8D-7406-44F5-AEE8-278EFB497446}"
EndProject
Project("{8BC9CEB8-8B4A-11D0-8D11-00A0C91BC942}") = "prj15", "prj15\prj15.vcxproj", "{C4B2FD35-76E2-4234-BD20-DF13B6ECFFB4}"
EndProject
Project("{8BC9CEB8-8B4A-11D0-8D11-00A0C91BC942}") = "prj16", "prj16\prj16.vcxproj", "{CA5F0740-0E6E-4C28-B729-594253B7ECEA}"
EndProject
Project("{8BC9CEB8-8B4A-11D0-8D11-00A0C91BC942}") = "Lab4", "Lab4\Lab4.vcxproj", "{309AC711-720A-469B-ABD1-4CF0FAB5A5FC}"
EndProject
Project("{8BC9CEB8-8B4A-11D0-8D11-00A0C91BC942}") = "Lab5", "Lab5\Lab5.vcxproj", "{928FD0AC-027A-419B-BED2-AD16811B83E1}"
EndProject
Project("{8BC9CEB8-8B4A-11D0-8D11-00A0C91BC942}") = "prj17", "prj17\prj17.vcxproj", "{BED77EEB-CBC8-49A6-9A9B-B6748B6F1140}"
EndProject
Project("{8BC9CEB8-8B4A-11D0-8D11-00A0C91BC942}") = "prj18", "prj18\prj18.vcxproj", "{D88EFD16-9BE6-472B-AE03-E41F5EB50CA7}"
EndProject
Project("{8BC9CEB8-8B4A-11D0-8D11-00A0C91BC942}") = "prj19", "prj19\prj19.vcxproj", "{98F9F434-2F2D-41A4-A84B-025EAFB5E0AD}"
EndProject
Global
	GlobalSection(SolutionConfigurationPlatforms) = preSolution
		Debug|x64 = Debug|x64
		Debug|x86 = Debug|x86
		Release|x64 = Release|x64
		Release|x86 = Release|x86
	EndGlobalSection
	GlobalSection(ProjectConfigurationPlatforms) = postSolution
		{404FC25B-C1E8-45A1-BFB9-8456534BB85B}.Debug|x64.ActiveCfg = Debug|x64
		{404FC25B-C1E8-45A1-BFB9-8456534BB85B}.Debug|x64.Build.0 = Debug|x64
		{404FC25B-C1E8-45A1-BFB9-8456534BB85B}.Debug|x86.ActiveCfg = Debug|Win32
		{404FC25B-C1E8-45A1-BFB9-8456534BB85B}.Debug|x86.Build.0 = Debug|Win32
		{404FC25B-C1E8-45A1-BFB9-8456534BB85B}.Release|x64.ActiveCfg = Release|x64
		{404FC25B-C1E8-45A1-BFB9-8456534BB85B}.Release|x64.Build.0 = Release|x64
		{404FC25B-C1E8-45A1-BFB9-8456534BB85B}.Release|x86.ActiveCfg = Release|Win32
		{404FC25B-C1E8-45A1-BFB9-8456534BB85B}.Release|x86.Build.0 = Release|Win32
		{F13AD54B-3955-4251-9E6F-5BDF839E0260}.Debug|x64.ActiveCfg = Debug|x64
		{F13AD54B-3955-4251-9E6F-5BDF839E0260}.Debug|x64.Build.0 = Debug|x64
		{F13AD54B-3955-4251-9E6F-5BDF839E0260}.Debug|x86.ActiveCfg = Debug|Win32
		{F13AD54B-3955-4251-9E6F-5BDF839E0260}.Debug|x86.Build.0 = Debug|Win32
		{F13AD54B-3955-4251-9E6F-5BDF839E0260}.Release|x64.ActiveCfg = Release|x64
		{F13AD54B-3955-4251-9E6F-5BDF839E0260}.Release|x64.Build.0 = Release|x64
		{F13AD54B-3955-4251-9E6F-5BDF839E0260}.Release|x86.ActiveCfg = Release|Win32
		{F13AD54B-3955-4251-9E6F-5BDF839E0260}.Release|x86.Build.0 = Release|Win32
		{0CB362ED-4C2D-450F-82F2-05E85C242C9E}.Debug|x64.ActiveCfg = Debug|x64
		{0CB362ED-4C2D-450F-82F2-05E85C242C9E}.Debug|x64.Build.0 = Debug|x64
		{0CB362ED-4C2D-450F-82F2-05E85C242C9E}.Debug|x86.ActiveCfg = Debug|Win32
		{0CB362ED-4C2D-450F-82F2-05E85C242C9E}.Debug|x86.Build.0 = Debug|Win32
		{0CB362ED-4C2D-450F-82F2-05E85C242C9E}.Release|x64.ActiveCfg = Release|x64
		{0CB362ED-4C2D-450F-82F2-05E85C242C9E}.Release|x64.Build.0 = Release|x64
		{0CB362ED-4C2D-450F-82F2-05E85C242C9E}.Release|x86.ActiveCfg = Release|Win32
		{0CB362ED-4C2D-450F-82F2-05E85C242C9E}.Release|x86.Build.0 = Release|Win32
		{51A9D92A-4F6A-4BDA-9C4A-08C6D6753DE0}.Debug|x64.ActiveCfg = Debug|x64
		{51A9D92A-4F6A-4BDA-9C4A-08C6D6753DE0}.Debug|x64.Build.0 = Debug|x64
		{51A9D92A-4F6A-4BDA-9C4A-08C6D6753DE0}.Debug|x86.ActiveCfg = Debug|Win32
		{51A9D92A-4F6A-4BDA-9C4A-08C6D6753DE0}.Debug|x86.Build.0 = Debug|Win32
		{51A9D92A-4F6A-4BDA-9C4A-08C6D6753DE0}.Release|x64.ActiveCfg = Release|x64
		{51A9D92A-4F6A-4BDA-9C4A-08C6D6753DE0}.Release|x64.Build.0 = Release|x64
		{51A9D92A-4F6A-4BDA-9C4A-08C6D6753DE0}.Release|x86.ActiveCfg = Release|Win32
		{51A9D92A-4F6A-4BDA-9C4A-08C6D6753DE0}.Release|x86.Build.0 = Release|Win32
		{274F529B-3D6D-4991-A93E-187A8BFBAD62}.Debug|x64.ActiveCfg = Debug|x64
		{274F529B-3D6D-4991-A93E-187A8BFBAD62}.Debug|x64.Build.0 = Debug|x64
		{274F529B-3D6D-4991-A93E-187A8BFBAD62}.Debug|x86.ActiveCfg = Debug|Win32
		{274F529B-3D6D-4991-A93E-187A8BFBAD62}.Debug|x86.Build.0 = Debug|Win32
		{274F529B-3D6D-4991-A93E-187A8BFBAD62}.Release|x64.ActiveCfg = Release|x64
		{274F529B-3D6D-4991-A93E-187A8BFBAD62}.Release|x64.Build.0 = Release|x64
		{274F529B-3D6D-4991-A93E-187A8BFBAD62}.Release|x86.ActiveCfg = Release|Win32
		{274F529B-3D6D-4991-A93E-187A8BFBAD62}.Release|x86.Build.0 = Release|Win32
		{2C29D9DD-424D-4F8F-83A5-252C32599444}.Debug|x64.ActiveCfg = Debug|x64
		{2C29D9DD-424D-4F8F-83A5-252C32599444}.Debug|x64.Build.0 = Debug|x64
		{2C29D9DD-424D-4F8F-83A5-252C32599444}.Debug|x86.ActiveCfg = Debug|Win32
		{2C29D9DD-424D-4F8F-83A5-252C32599444}.Debug|x86.Build.0 = Debug|Win32
		{2C29D9DD-424D-4F8F-83A5-252C32599444}.Release|x64.ActiveCfg = Release|x64
		{2C29D9DD-424D-4F8F-83A5-252C32599444}.Release|x64.Build.0 = Release|x64
		{2C29D9DD-424D-4F8F-83A5-252C32599444}.Release|x86.ActiveCfg = Release|Win32
		{2C29D9DD-424D-4F8F-83A5-252C32599444}.Release|x86.Build.0 = Release|Win32
		{6F700A8F-103D-427E-882F-BFBC03AB5E35}.Debug|x64.ActiveCfg = Debug|x64
		{6F700A8F-103D-427E-882F-BFBC03AB5E35}.Debug|x64.Build.0 = Debug|x64
		{6F700A8F-103D-427E-882F-BFBC03AB5E35}.Debug|x86.ActiveCfg = Debug|Win32
		{6F700A8F-103D-427E-882F-BFBC03AB5E35}.Debug|x86.Build.0 = Debug|Win32
		{6F700A8F-103D-427E-882F-BFBC03AB5E35}.Release|x64.ActiveCfg = Release|x64
		{6F700A8F-103D-427E-882F-BFBC03AB5E35}.Release|x64.Build.0 = Release|x64
		{6F700A8F-103D-427E-882F-BFBC03AB5E35}.Release|x86.ActiveCfg = Release|Win32
		{6F700A8F-103D-427E-882F-BFBC03AB5E35}.Release|x86.Build.0 = Release|Win32
		{1FB632CF-4B42-404E-9744-C301A0AA2FBB}.Debug|x64.ActiveCfg = Debug|x64
		{1FB632CF-4B42-404E-9744-C301A0AA2FBB}.Debug|x64.Build.0 = Debug|x64
		{1FB632CF-4B42-404E-9744-C301A0AA2FBB}.Debug|x86.ActiveCfg = Debug|Win32
		{1FB632CF-4B42-404E-9744-C301A0AA2FBB}.Debug|x86.Build.0 = Debug|Win32
		{1FB632CF-4B42-404E-9744-C301A0AA2FBB}.Release|x64.ActiveCfg = Release|x64
		{1FB632CF-4B42-404E-9744-C301A0AA2FBB}.Release|x64.Build.0 = Release|x64
		{1FB632CF-4B42-404E-9744-C301A0AA2FBB}.Release|x86.ActiveCfg = Release|Win32
		{1FB632CF-4B42-404E-9744-C301A0AA2FBB}.Release|x86.Build.0 = Release|Win32
		{82E2C7B8-2BE2-403A-81DC-7C3CD1EBA24B}.Debug|x64.ActiveCfg = Debug|x64
		{82E2C7B8-2BE2-403A-81DC-7C3CD1EBA24B}.Debug|x64.Build.0 = Debug|x64
		{82E2C7B8-2BE2-403A-81DC-7C3CD1EBA24B}.Debug|x86.ActiveCfg = Debug|Win32
		{82E2C7B8-2BE2-403A-81DC-7C3CD1EBA24B}.Debug|x86.Build.0 = Debug|Win32
		{82E2C7B8-2BE2-403A-81DC-7C3CD1EBA24B}.Release|x64.ActiveCfg = Release|x64
		{82E2C7B8-2BE2-403A-81DC-7C3CD1EBA24B}.Release|x64.Build.0 = Release|x64
		{82E2C7B8-2BE2-403A-81DC-7C3CD1EBA24B}.Release|x86.ActiveCfg = Release|Win32
		{82E2C7B8-2BE2-403A-81DC-7C3CD1EBA24B}.Release|x86.Build.0 = Release|Win32
		{246F62B5-3CF6-4BE1-9E49-91AF26C3416F}.Debug|x64.ActiveCfg = Debug|x64
		{246F62B5-3CF6-4BE1-9E49-91AF26C3416F}.Debug|x64.Build.0 = Debug|x64
		{246F62B5-3CF6-4BE1-9E49-91AF26C3416F}.Debug|x86.ActiveCfg = Debug|Win32
		{246F62B5-3CF6-4BE1-9E49-91AF26C3416F}.Debug|x86.Build.0 = Debug|Win32
		{246F62B5-3CF6-4BE1-9E49-91AF26C3416F}.Release|x64.ActiveCfg = Release|x64
		{246F62B5-3CF6-4BE1-9E49-91AF26C3416F}.Release|x64.Build.0 = Release|x64
		{246F62B5-3CF6-4BE1-9E49-91AF26C3416F}.Release|x86.ActiveCfg = Release|Win32
		{246F62B5-3CF6-4BE1-9E49-91AF26C3416F}.Release|x86.Build.0 = Release|Win32
		{7B65BB00-528B-48A7-8A46-47FF3D8ECC55}.Debug|x64.ActiveCfg = Debug|x64
		{7B65BB00-528B-48A7-8A46-47FF3D8ECC55}.Debug|x64.Build.0 = Debug|x64
		{7B65BB00-528B-48A7-8A46-47FF3D8ECC55}.Debug|x86.ActiveCfg = Debug|Win32
		{7B65BB00-528B-48A7-8A46-47FF3D8ECC55}.Debug|x86.Build.0 = Debug|Win32
		{7B65BB00-528B-48A7-8A46-47FF3D8ECC55}.Release|x64.ActiveCfg = Release|x64
		{7B65BB00-528B-48A7-8A46-47FF3D8ECC55}.Release|x64.Build.0 = Release|x64
		{7B65BB00-528B-48A7-8A46-47FF3D8ECC55}.Release|x86.ActiveCfg = Release|Win32
		{7B65BB00-528B-48A7-8A46-47FF3D8ECC55}.Release|x86.Build.0 = Release|Win32
		{FD003B0E-E82A-4105-99A4-BC0C1773DBDF}.Debug|x64.ActiveCfg = Debug|x64
		{FD003B0E-E82A-4105-99A4-BC0C1773DBDF}.Debug|x64.Build.0 = Debug|x64
		{FD003B0E-E82A-4105-99A4-BC0C1773DBDF}.Debug|x86.ActiveCfg = Debug|Win32
		{FD003B0E-E82A-4105-99A4-BC0C1773DBDF}.Debug|x86.Build.0 = Debug|Win32
		{FD003B0E-E82A-4105-99A4-BC0C1773DBDF}.Release|x64.ActiveCfg = Release|x64
		{FD003B0E-E82A-4105-99A4-BC0C1773DBDF}.Release|x64.Build.0 = Release|x64
		{FD003B0E-E82A-4105-99A4-BC0C1773DBDF}.Release|x86.ActiveCfg = Release|Win32
		{FD003B0E-E82A-4105-99A4-BC0C1773DBDF}.Release|x86.Build.0 = Release|Win32
		{469D6C82-A3DF-4BC7-800C-353A4A4085A8}.Debug|x64.ActiveCfg = Debug|x64
		{469D6C82-A3DF-4BC7-800C-353A4A4085A8}.Debug|x64.Build.0 = Debug|x64
		{469D6C82-A3DF-4BC7-800C-353A4A4085A8}.Debug|x86.ActiveCfg = Debug|Win32
		{469D6C82-A3DF-4BC7-800C-353A4A4085A8}.Debug|x86.Build.0 = Debug|Win32
		{469D6C82-A3DF-4BC7-800C-353A4A4085A8}.Release|x64.ActiveCfg = Release|x64
		{469D6C82-A3DF-4BC7-800C-353A4A4085A8}.Release|x64.Build.0 = Release|x64
		{469D6C82-A3DF-4BC7-800C-353A4A4085A8}.Release|x86.ActiveCfg = Release|Win32
		{469D6C82-A3DF-4BC7-800C-353A4A4085A8}.Release|x86.Build.0 = Release|Win32
		{005F2E8C-FCB6-4468-AC45-74EEF02A7028}.Debug|x64.ActiveCfg = Debug|x64
		{005F2E8C-FCB6-4468-AC45-74EEF02A7028}.Debug|x64.Build.0 = Debug|x64
		{005F2E8C-FCB6-4468-AC45-74EEF02A7028}.Debug|x86.ActiveCfg = Debug|Win32
		{005F2E8C-FCB6-4468-AC45-74EEF02A7028}.Debug|x86.Build.0 = Debug|Win32
		{005F2E8C-FCB6-4468-AC45-74EEF02A7028}.Release|x64.ActiveCfg = Release|x64
		{005F2E8C-FCB6-4468-AC45-74EEF02A7028}.Release|x64.Build.0 = Release|x64
		{005F2E8C-FCB6-4468-AC45-74EEF02A7028}.Release|x86.ActiveCfg = Release|Win32
		{005F2E8C-FCB6-4468-AC45-74EEF02A7028}.Release|x86.Build.0 = Release|Win32
		{314E878A-3598-409D-BC6B-1F3360CD6E32}.Debug|x64.ActiveCfg = Debug|x64
		{314E878A-3598-409D-BC6B-1F3360CD6E32}.Debug|x64.Build.0 = Debug|x64
		{314E878A-3598-409D-BC6B-1F3360CD6E32}.Debug|x86.ActiveCfg = Debug|Win32
		{314E878A-3598-409D-BC6B-1F3360CD6E32}.Debug|x86.Build.0 = Debug|Win32
		{314E878A-3598-409D-BC6B-1F3360CD6E32}.Release|x64.ActiveCfg = Release|x64
		{314E878A-3598-409D-BC6B-1F3360CD6E32}.Release|x64.Build.0 = Release|x64
		{314E878A-3598-409D-BC6B-1F3360CD6E32}.Release|x86.ActiveCfg = Release|Win32
		{314E878A-3598-409D-BC6B-1F3360CD6E32}.Release|x86.Build.0 = Release|Win32
		{7BD03DF1-E023-4E48-B5DC-0C494C925CFD}.Debug|x64.ActiveCfg = Debug|x64
		{7BD03DF1-E023-4E48-B5DC-0C494C925CFD}.Debug|x64.Build.0 = Debug|x64
		{7BD03DF1-E023-4E48-B5DC-0C494C925CFD}.Debug|x86.ActiveCfg = Debug|Win32
		{7BD03DF1-E023-4E48-B5DC-0C494C925CFD}.Debug|x86.Build.0 = Debug|Win32
		{7BD03DF1-E023-4E48-B5DC-0C494C925CFD}.Release|x64.ActiveCfg = Release|x64
		{7BD03DF1-E023-4E48-B5DC-0C494C925CFD}.Release|x64.Build.0 = Release|x64
		{7BD03DF1-E023-4E48-B5DC-0C494C925CFD}.Release|x86.ActiveCfg = Release|Win32
		{7BD03DF1-E023-4E48-B5DC-0C494C925CFD}.Release|x86.Build.0 = Release|Win32
		{AC148B8D-7406-44F5-AEE8-278EFB497446}.Debug|x64.ActiveCfg = Debug|x64
		{AC148B8D-7406-44F5-AEE8-278EFB497446}.Debug|x64.Build.0 = Debug|x64
		{AC148B8D-7406-44F5-AEE8-278EFB497446}.Debug|x86.ActiveCfg = Debug|Win32
		{AC148B8D-7406-44F5-AEE8-278EFB497446}.Debug|x86.Build.0 = Debug|Win32
		{AC148B8D-7406-44F5-AEE8-278EFB497446}.Release|x64.ActiveCfg = Release|x64
		{AC148B8D-7406-44F5-AEE8-278EFB497446}.Release|x64.Build.0 = Release|x64
		{AC148B8D-7406-44F5-AEE8-278EFB497446}.Release|x86.ActiveCfg = Release|Win32
		{AC148B8D-7406-44F5-AEE8-278EFB497446}.Release|x86.Build.0 = Release|Win32
		{C4B2FD35-76E2-4234-BD20-DF13B6ECFFB4}.Debug|x64.ActiveCfg = Debug|x64
		{C4B2FD35-76E2-4234-BD20-DF13B6ECFFB4}.Debug|x64.Build.0 = Debug|x64
		{C4B2FD35-76E2-4234-BD20-DF13B6ECFFB4}.Debug|x86.ActiveCfg = Debug|Win32
		{C4B2FD35-76E2-4234-BD20-DF13B6ECFFB4}.Debug|x86.Build.0 = Debug|Win32
		{C4B2FD35-76E2-4234-BD20-DF13B6ECFFB4}.Release|x64.ActiveCfg = Release|x64
		{C4B2FD35-76E2-4234-BD20-DF13B6ECFFB4}.Release|x64.Build.0 = Release|x64
		{C4B2FD35-76E2-4234-BD20-DF13B6ECFFB4}.Release|x86.ActiveCfg = Release|Win32
		{C4B2FD35-76E2-4234-BD20-DF13B6ECFFB4}.Release|x86.Build.0 = Release|Win32
		{CA5F0740-0E6E-4C28-B729-594253B7ECEA}.Debug|x64.ActiveCfg = Debug|x64
		{CA5F0740-0E6E-4C28-B729-594253B7ECEA}.Debug|x64.Build.0 = Debug|x64
		{CA5F0740-0E6E-4C28-B729-594253B7ECEA}.Debug|x86.ActiveCfg = Debug|Win32
		{CA5F0740-0E6E-4C28-B729-594253B7ECEA}.Debug|x86.Build.0 = Debug|Win32
		{CA5F0740-0E6E-4C28-B729-594253B7ECEA}.Release|x64.ActiveCfg = Release|x64
		{CA5F0740-0E6E-4C28-B729-594253B7ECEA}.Release|x64.Build.0 = Release|x64
		{CA5F0740-0E6E-4C28-B729-594253B7ECEA}.Release|x86.ActiveCfg = Release|Win32
		{CA5F0740-0E6E-4C28-B729-594253B7ECEA}.Release|x86.Build.0 = Release|Win32
		{309AC711-720A-469B-ABD1-4CF0FAB5A5FC}.Debug|x64.ActiveCfg = Debug|x64
		{309AC711-720A-469B-ABD1-4CF0FAB5A5FC}.Debug|x64.Build.0 = Debug|x64
		{309AC711-720A-469B-ABD1-4CF0FAB5A5FC}.Debug|x86.ActiveCfg = Debug|Win32
		{309AC711-720A-469B-ABD1-4CF0FAB5A5FC}.Debug|x86.Build.0 = Debug|Win32
		{309AC711-720A-469B-ABD1-4CF0FAB5A5FC}.Release|x64.ActiveCfg = Release|x64
		{309AC711-720A-469B-ABD1-4CF0FAB5A5FC}.Release|x64.Build.0 = Release|x64
		{309AC711-720A-469B-ABD1-4CF0FAB5A5FC}.Release|x86.ActiveCfg = Release|Win32
		{309AC711-720A-469B-ABD1-4CF0FAB5A5FC}.Release|x86.Build.0 = Release|Win32
		{928FD0AC-027A-419B-BED2-AD16811B83E1}.Debug|x64.ActiveCfg = Debug|x64
		{928FD0AC-027A-419B-BED2-AD16811B83E1}.Debug|x64.Build.0 = Debug|x64
		{928FD0AC-027A-419B-BED2-AD16811B83E1}.Debug|x86.ActiveCfg = Debug|Win32
		{928FD0AC-027A-419B-BED2-AD16811B83E1}.Debug|x86.Build.0 = Debug|Win32
		{928FD0AC-027A-419B-BED2-AD16811B83E1}.Release|x64.ActiveCfg = Release|x64
		{928FD0AC-027A-419B-BED2-AD16811B83E1}.Release|x64.Build.0 = Release|x64
		{928FD0AC-027A-419B-BED2-AD16811B83E1}.Release|x86.ActiveCfg = Release|Win32
		{928FD0AC-027A-419B-BED2-AD16811B83E1}.Release|x86.Build.0 = Release|Win32
		{BED77EEB-CBC8-49A6-9A9B-B6748B6F1140}.Debug|x64.ActiveCfg = Debug|x64
		{BED77EEB-CBC8-49A6-9A9B-B6748B6F1140}.Debug|x64.Build.0 = Debug|x64
		{BED77EEB-CBC8-49A6-9A9B-B6748B6F1140}.Debug|x86.ActiveCfg = Debug|Win32
		{BED77EEB-CBC8-49A6-9A9B-B6748B6F1140}.Debug|x86.Build.0 = Debug|Win32
		{BED77EEB-CBC8-49A6-9A9B-B6748B6F1140}.Release|x64.ActiveCfg = Release|x64
		{BED77EEB-CBC8-49A6-9A9B-B6748B6F1140}.Release|x64.Build.0 = Release|x64
		{BED77EEB-CBC8-49A6-9A9B-B6748B6F1140}.Release|x86.ActiveCfg = Release|Win32
		{BED77EEB-CBC8-49A6-9A9B-B6748B6F1140}.Release|x86.Build.0 = Release|Win32
		{D88EFD16-9BE6-472B-AE03-E41F5EB50CA7}.Debug|x64.ActiveCfg = Debug|x64
		{D88EFD16-9BE6-472B-AE03-E41F5EB50CA7}.Debug|x64.Build.0 = Debug|x64
		{D88EFD16-9BE6-472B-AE03-E41F5EB50CA7}.Debug|x86.ActiveCfg = Debug|Win32
		{D88EFD16-9BE6-472B-AE03-E41F5EB50CA7}.Debug|x86.Build.0 = Debug|Win32
		{D88EFD16-9BE6-472B-AE03-E41F5EB50CA7}.Release|x64.ActiveCfg = Release|x64
		{D88EFD16-9BE6-472B-AE03-E41F5EB50CA7}.Release|x64.Build.0 = Release|x64
		{D88EFD16-9BE6-472B-AE03-E41F5EB50CA7}.Release|x86.ActiveCfg = Release|Win32
		{D88EFD16-9BE6-472B-AE03-E41F5EB50CA7}.Release|x86.Build.0 = Release|Win32
		{98F9F434-2F2D-41A4-A84B-025EAFB5E0AD}.Debug|x64.ActiveCfg = Debug|x64
		{98F9F434-2F2D-41A4-A84B-025EAFB5E0AD}.Debug|x64.Build.0 = Debug|x64
		{98F9F434-2F2D-41A4-A84B-025EAFB5E0AD}.Debug|x86.ActiveCfg = Debug|Win32
		{98F9F434-2F2D-41A4-A84B-025EAFB5E0AD}.Debug|x86.Build.0 = Debug|Win32
		{98F9F434-2F2D-41A4-A84B-025EAFB5E0AD}.Release|x64.ActiveCfg = Release|x64
		{98F9F434-2F2D-41A4-A84B-025EAFB5E0AD}.Release|x64.Build.0 = Release|x64
		{98F9F434-2F2D-41A4-A84B-025EAFB5E0AD}.Release|x86.ActiveCfg = Release|Win32
		{98F9F434-2F2D-41A4-A84B-025EAFB5E0AD}.Release|x86.Build.0 = Release|Win32
	EndGlobalSection
	GlobalSection(SolutionProperties) = preSolution
		HideSolutionNode = FALSE
	EndGlobalSection
	GlobalSection(ExtensibilityGlobals) = postSolution
		SolutionGuid = {D9BA8426-E6EC-4F03-82BF-1E53F4341FF5}
	EndGlobalSection
EndGlobal
